PODS:
  - AFNetworking (1.3.4)
  - EZAudio (0.0.5)
  - PKRevealController (2.0.6)
  - REMenu (1.7.1)
  - RestKit (0.20.3):
    - RestKit/Core
  - RestKit/Core (0.20.3):
    - RestKit/CoreData
    - RestKit/Network
    - RestKit/ObjectMapping
  - RestKit/CoreData (0.20.3)
  - RestKit/Network (0.20.3):
    - AFNetworking (~> 1.3.0)
    - RestKit/ObjectMapping
    - RestKit/Support
    - SOCKit
  - RestKit/ObjectMapping (0.20.3)
  - RestKit/Support (0.20.3):
    - TransitionKit (= 1.1.1)
  - SDWebImage (3.6):
    - SDWebImage/Core
  - SDWebImage/Core (3.6)
  - SOCKit (1.1)
  - SVProgressHUD (1.0)
  - SVSegmentedControl (0.2)
  - TransitionKit (1.1.1)
  - UIActivityIndicator-for-SDWebImage (1.0.3):
    - SDWebImage (~> 3.2)

DEPENDENCIES:
  - EZAudio (~> 0.0.4)
  - PKRevealController
  - REMenu (~> 1.7.1)
  - RestKit (~> 0.20.0)
  - SVProgressHUD
  - SVSegmentedControl
  - UIActivityIndicator-for-SDWebImage

SPEC CHECKSUMS:
  AFNetworking: 80c4e0652b08eb34e25b9c0ff3c82556fe5967b4
  EZAudio: 9510d4666c9d01a2151cdb01e71fb51f15ac9442
  PKRevealController: 4f175a432ad868c806dce1ebb3fd8a35d228bdb5
  REMenu: 51ef4a05423b4de2ef589c19f4df9a5f56f6d0c3
  RestKit: 7f9490e709ee745e166c4d2aa7a8d132831275b0
  SDWebImage: c6989652c1cdf27cbdf3f56957e2030f825af5bc
  SOCKit: d8d0dd3688ae1026c12367570da8fa8e1a6980fb
  SVProgressHUD: 5034c6e22b8c2ca3e09402e48d41ed0340aa1c50
  SVSegmentedControl: 755a9721054734a77841147de3cc8babf09ba7f1
  TransitionKit: b573f93c422f6aedf7d40e93e7c2f202d1295063
  UIActivityIndicator-for-SDWebImage: fad0a3471de0e5f97771e516f537453eee506103

COCOAPODS: 0.33.1
